
Microsoft Visual Studio Solution File, Format Version 12.00
# Visual Studio 15
VisualStudioVersion = 15.0.28307.757
MinimumVisualStudioVersion = 10.0.40219.1
Project("{FAE04EC0-301F-11D3-BF4B-00C04F79EFBC}") = "TTA_Drill3", "TTA_Drill3\TTA_Drill3.csproj", "{F9501D21-9E6B-4B05-98AC-A62D240CB2A3}"
EndProject
Global
	GlobalSection(SolutionConfigurationPlatforms) = preSolution
		Debug|Any CPU = Debug|Any CPU
		Release|Any CPU = Release|Any CPU
	EndGlobalSection
	GlobalSection(ProjectConfigurationPlatforms) = postSolution
		{F9501D21-9E6B-4B05-98AC-A62D240CB2A3}.Debug|Any CPU.ActiveCfg = Debug|Any CPU
		{F9501D21-9E6B-4B05-98AC-A62D240CB2A3}.Debug|Any CPU.Build.0 = Debug|Any CPU
		{F9501D21-9E6B-4B05-98AC-A62D240CB2A3}.Release|Any CPU.ActiveCfg = Release|Any CPU
		{F9501D21-9E6B-4B05-98AC-A62D240CB2A3}.Release|Any CPU.Build.0 = Release|Any CPU
	EndGlobalSection
	GlobalSection(SolutionProperties) = preSolution
		HideSolutionNode = FALSE
	EndGlobalSection
	GlobalSection(ExtensibilityGlobals) = postSolution
		SolutionGuid = {F11B303E-7F99-4F03-9ED9-4D3381AECEFA}
	EndGlobalSection
EndGlobal
