
Microsoft Visual Studio Solution File, Format Version 12.00
# Visual Studio 15
VisualStudioVersion = 15.0.28307.757
MinimumVisualStudioVersion = 10.0.40219.1
Project("{FAE04EC0-301F-11D3-BF4B-00C04F79EFBC}") = "TTA_Drill4", "TTA_Drill4\TTA_Drill4.csproj", "{A6D66C4D-8865-48DC-B381-A07DFE395EFE}"
EndProject
Global
	GlobalSection(SolutionConfigurationPlatforms) = preSolution
		Debug|Any CPU = Debug|Any CPU
		Release|Any CPU = Release|Any CPU
	EndGlobalSection
	GlobalSection(ProjectConfigurationPlatforms) = postSolution
		{A6D66C4D-8865-48DC-B381-A07DFE395EFE}.Debug|Any CPU.ActiveCfg = Debug|Any CPU
		{A6D66C4D-8865-48DC-B381-A07DFE395EFE}.Debug|Any CPU.Build.0 = Debug|Any CPU
		{A6D66C4D-8865-48DC-B381-A07DFE395EFE}.Release|Any CPU.ActiveCfg = Release|Any CPU
		{A6D66C4D-8865-48DC-B381-A07DFE395EFE}.Release|Any CPU.Build.0 = Release|Any CPU
	EndGlobalSection
	GlobalSection(SolutionProperties) = preSolution
		HideSolutionNode = FALSE
	EndGlobalSection
	GlobalSection(ExtensibilityGlobals) = postSolution
		SolutionGuid = {AAB6AE68-6256-49F8-B0A5-59EEB4C8829A}
	EndGlobalSection
EndGlobal
