
Microsoft Visual Studio Solution File, Format Version 12.00
# Visual Studio 15
VisualStudioVersion = 15.0.28307.757
MinimumVisualStudioVersion = 10.0.40219.1
Project("{FAE04EC0-301F-11D3-BF4B-00C04F79EFBC}") = "TTA_Drill15", "TTA_Drill15\TTA_Drill15.csproj", "{516DD55C-BF04-4D81-9051-05D88B90CCBF}"
EndProject
Global
	GlobalSection(SolutionConfigurationPlatforms) = preSolution
		Debug|Any CPU = Debug|Any CPU
		Release|Any CPU = Release|Any CPU
	EndGlobalSection
	GlobalSection(ProjectConfigurationPlatforms) = postSolution
		{516DD55C-BF04-4D81-9051-05D88B90CCBF}.Debug|Any CPU.ActiveCfg = Debug|Any CPU
		{516DD55C-BF04-4D81-9051-05D88B90CCBF}.Debug|Any CPU.Build.0 = Debug|Any CPU
		{516DD55C-BF04-4D81-9051-05D88B90CCBF}.Release|Any CPU.ActiveCfg = Release|Any CPU
		{516DD55C-BF04-4D81-9051-05D88B90CCBF}.Release|Any CPU.Build.0 = Release|Any CPU
	EndGlobalSection
	GlobalSection(SolutionProperties) = preSolution
		HideSolutionNode = FALSE
	EndGlobalSection
	GlobalSection(ExtensibilityGlobals) = postSolution
		SolutionGuid = {A439A2B8-5AE2-48F2-8EFF-6AB98631FCC5}
	EndGlobalSection
EndGlobal
