
Microsoft Visual Studio Solution File, Format Version 12.00
# Visual Studio 15
VisualStudioVersion = 15.0.28307.757
MinimumVisualStudioVersion = 10.0.40219.1
Project("{FAE04EC0-301F-11D3-BF4B-00C04F79EFBC}") = "TTA drill", "TTA drill\TTA drill.csproj", "{5F9AEFA0-DD3E-4EA9-AB46-827CB710962A}"
EndProject
Global
	GlobalSection(SolutionConfigurationPlatforms) = preSolution
		Debug|Any CPU = Debug|Any CPU
		Release|Any CPU = Release|Any CPU
	EndGlobalSection
	GlobalSection(ProjectConfigurationPlatforms) = postSolution
		{5F9AEFA0-DD3E-4EA9-AB46-827CB710962A}.Debug|Any CPU.ActiveCfg = Debug|Any CPU
		{5F9AEFA0-DD3E-4EA9-AB46-827CB710962A}.Debug|Any CPU.Build.0 = Debug|Any CPU
		{5F9AEFA0-DD3E-4EA9-AB46-827CB710962A}.Release|Any CPU.ActiveCfg = Release|Any CPU
		{5F9AEFA0-DD3E-4EA9-AB46-827CB710962A}.Release|Any CPU.Build.0 = Release|Any CPU
	EndGlobalSection
	GlobalSection(SolutionProperties) = preSolution
		HideSolutionNode = FALSE
	EndGlobalSection
	GlobalSection(ExtensibilityGlobals) = postSolution
		SolutionGuid = {436FBCBF-12D4-45A3-8D75-D199668D8E92}
	EndGlobalSection
EndGlobal
