
Microsoft Visual Studio Solution File, Format Version 12.00
# Visual Studio 15
VisualStudioVersion = 15.0.28307.757
MinimumVisualStudioVersion = 10.0.40219.1
Project("{FAE04EC0-301F-11D3-BF4B-00C04F79EFBC}") = "StudentMethod", "StudentMethod.csproj", "{EA374F1C-6DCD-451A-91B1-E5446C4E2A81}"
EndProject
Global
	GlobalSection(SolutionConfigurationPlatforms) = preSolution
		Debug|Any CPU = Debug|Any CPU
		Release|Any CPU = Release|Any CPU
	EndGlobalSection
	GlobalSection(ProjectConfigurationPlatforms) = postSolution
		{EA374F1C-6DCD-451A-91B1-E5446C4E2A81}.Debug|Any CPU.ActiveCfg = Debug|Any CPU
		{EA374F1C-6DCD-451A-91B1-E5446C4E2A81}.Debug|Any CPU.Build.0 = Debug|Any CPU
		{EA374F1C-6DCD-451A-91B1-E5446C4E2A81}.Release|Any CPU.ActiveCfg = Release|Any CPU
		{EA374F1C-6DCD-451A-91B1-E5446C4E2A81}.Release|Any CPU.Build.0 = Release|Any CPU
	EndGlobalSection
	GlobalSection(SolutionProperties) = preSolution
		HideSolutionNode = FALSE
	EndGlobalSection
	GlobalSection(ExtensibilityGlobals) = postSolution
		SolutionGuid = {3846F20E-0A89-4A58-ACB3-D9CEAD107B12}
	EndGlobalSection
EndGlobal
