
Microsoft Visual Studio Solution File, Format Version 12.00
# Visual Studio 15
VisualStudioVersion = 15.0.28307.757
MinimumVisualStudioVersion = 10.0.40219.1
Project("{FAE04EC0-301F-11D3-BF4B-00C04F79EFBC}") = "TTA_Drill25", "TTA_Drill25\TTA_Drill25.csproj", "{C735313D-10F1-42F1-83CC-834DB6960180}"
EndProject
Global
	GlobalSection(SolutionConfigurationPlatforms) = preSolution
		Debug|Any CPU = Debug|Any CPU
		Release|Any CPU = Release|Any CPU
	EndGlobalSection
	GlobalSection(ProjectConfigurationPlatforms) = postSolution
		{C735313D-10F1-42F1-83CC-834DB6960180}.Debug|Any CPU.ActiveCfg = Debug|Any CPU
		{C735313D-10F1-42F1-83CC-834DB6960180}.Debug|Any CPU.Build.0 = Debug|Any CPU
		{C735313D-10F1-42F1-83CC-834DB6960180}.Release|Any CPU.ActiveCfg = Release|Any CPU
		{C735313D-10F1-42F1-83CC-834DB6960180}.Release|Any CPU.Build.0 = Release|Any CPU
	EndGlobalSection
	GlobalSection(SolutionProperties) = preSolution
		HideSolutionNode = FALSE
	EndGlobalSection
	GlobalSection(ExtensibilityGlobals) = postSolution
		SolutionGuid = {09312640-73E6-4F04-BD20-AC5CADC06782}
	EndGlobalSection
EndGlobal
