
Microsoft Visual Studio Solution File, Format Version 12.00
# Visual Studio 15
VisualStudioVersion = 15.0.28307.757
MinimumVisualStudioVersion = 10.0.40219.1
Project("{FAE04EC0-301F-11D3-BF4B-00C04F79EFBC}") = "TTA_Drill13", "TTA_Drill13\TTA_Drill13.csproj", "{75B32029-B28A-4574-BF87-2F6D2F8B77FA}"
EndProject
Global
	GlobalSection(SolutionConfigurationPlatforms) = preSolution
		Debug|Any CPU = Debug|Any CPU
		Release|Any CPU = Release|Any CPU
	EndGlobalSection
	GlobalSection(ProjectConfigurationPlatforms) = postSolution
		{75B32029-B28A-4574-BF87-2F6D2F8B77FA}.Debug|Any CPU.ActiveCfg = Debug|Any CPU
		{75B32029-B28A-4574-BF87-2F6D2F8B77FA}.Debug|Any CPU.Build.0 = Debug|Any CPU
		{75B32029-B28A-4574-BF87-2F6D2F8B77FA}.Release|Any CPU.ActiveCfg = Release|Any CPU
		{75B32029-B28A-4574-BF87-2F6D2F8B77FA}.Release|Any CPU.Build.0 = Release|Any CPU
	EndGlobalSection
	GlobalSection(SolutionProperties) = preSolution
		HideSolutionNode = FALSE
	EndGlobalSection
	GlobalSection(ExtensibilityGlobals) = postSolution
		SolutionGuid = {F93E7525-8D03-4FA3-8A23-F1112A45E409}
	EndGlobalSection
EndGlobal
